Microsoft Visual Studio Solution File, Format Version 12.00
# Visual Studio Version 17
VisualStudioVersion = 17.5.2.0
MinimumVisualStudioVersion = 10.0.40219.1
Project("{FAE04EC0-301F-11D3-BF4B-00C04F79EFBC}") = "tcp_program_code", "tcp_program_code\tcp_program_code.csproj", "{A7537684-903B-8476-8013-BF9271B87F44}"
EndProject
Global
	GlobalSection(SolutionConfigurationPlatforms) = preSolution
		Debug|Any CPU = Debug|Any CPU
		Release|Any CPU = Release|Any CPU
	EndGlobalSection
	GlobalSection(ProjectConfigurationPlatforms) = postSolution
		{A7537684-903B-8476-8013-BF9271B87F44}.Debug|Any CPU.ActiveCfg = Debug|Any CPU
		{A7537684-903B-8476-8013-BF9271B87F44}.Debug|Any CPU.Build.0 = Debug|Any CPU
		{A7537684-903B-8476-8013-BF9271B87F44}.Release|Any CPU.ActiveCfg = Release|Any CPU
		{A7537684-903B-8476-8013-BF9271B87F44}.Release|Any CPU.Build.0 = Release|Any CPU
	EndGlobalSection
	GlobalSection(SolutionProperties) = preSolution
		HideSolutionNode = FALSE
	EndGlobalSection
	GlobalSection(ExtensibilityGlobals) = postSolution
		SolutionGuid = {DB2226CB-61AC-441D-9EA8-5728C0E470CC}
	EndGlobalSection
EndGlobal
